
Microsoft Visual Studio Solution File, Format Version 12.00
# Visual Studio Version 16
VisualStudioVersion = 16.0.31402.337
MinimumVisualStudioVersion = 10.0.40219.1
Project("{FAE04EC0-301F-11D3-BF4B-00C04F79EFBC}") = "MyRealmSample.UWP", "MyRealmSample\MyRealmSample.UWP\MyRealmSample.UWP.csproj", "{3422DA4B-FB18-4684-B346-4B0A0A0B1C50}"
EndProject
Project("{FAE04EC0-301F-11D3-BF4B-00C04F79EFBC}") = "MyRealmSample.Android", "MyRealmSample\MyRealmSample.Android\MyRealmSample.Android.csproj", "{D422D9DB-6F87-4D49-928D-A3813C4D0026}"
EndProject
Project("{FAE04EC0-301F-11D3-BF4B-00C04F79EFBC}") = "MyRealmSample", "MyRealmSample\MyRealmSample\MyRealmSample.csproj", "{4755EF01-5A1F-4FFC-AF8E-C27A14410C01}"
EndProject
Global
	GlobalSection(SolutionConfigurationPlatforms) = preSolution
		Debug|Any CPU = Debug|Any CPU
		Debug|ARM = Debug|ARM
		Debug|x64 = Debug|x64
		Debug|x86 = Debug|x86
		Release|Any CPU = Release|Any CPU
		Release|ARM = Release|ARM
		Release|x64 = Release|x64
		Release|x86 = Release|x86
	EndGlobalSection
	GlobalSection(ProjectConfigurationPlatforms) = postSolution
		{3422DA4B-FB18-4684-B346-4B0A0A0B1C50}.Debug|Any CPU.ActiveCfg = Debug|x86
		{3422DA4B-FB18-4684-B346-4B0A0A0B1C50}.Debug|Any CPU.Build.0 = Debug|x86
		{3422DA4B-FB18-4684-B346-4B0A0A0B1C50}.Debug|Any CPU.Deploy.0 = Debug|x86
		{3422DA4B-FB18-4684-B346-4B0A0A0B1C50}.Debug|ARM.ActiveCfg = Debug|ARM
		{3422DA4B-FB18-4684-B346-4B0A0A0B1C50}.Debug|ARM.Build.0 = Debug|ARM
		{3422DA4B-FB18-4684-B346-4B0A0A0B1C50}.Debug|ARM.Deploy.0 = Debug|ARM
		{3422DA4B-FB18-4684-B346-4B0A0A0B1C50}.Debug|x64.ActiveCfg = Debug|x64
		{3422DA4B-FB18-4684-B346-4B0A0A0B1C50}.Debug|x64.Build.0 = Debug|x64
		{3422DA4B-FB18-4684-B346-4B0A0A0B1C50}.Debug|x64.Deploy.0 = Debug|x64
		{3422DA4B-FB18-4684-B346-4B0A0A0B1C50}.Debug|x86.ActiveCfg = Debug|x86
		{3422DA4B-FB18-4684-B346-4B0A0A0B1C50}.Debug|x86.Build.0 = Debug|x86
		{3422DA4B-FB18-4684-B346-4B0A0A0B1C50}.Debug|x86.Deploy.0 = Debug|x86
		{3422DA4B-FB18-4684-B346-4B0A0A0B1C50}.Release|Any CPU.ActiveCfg = Release|x86
		{3422DA4B-FB18-4684-B346-4B0A0A0B1C50}.Release|Any CPU.Build.0 = Release|x86
		{3422DA4B-FB18-4684-B346-4B0A0A0B1C50}.Release|Any CPU.Deploy.0 = Release|x86
		{3422DA4B-FB18-4684-B346-4B0A0A0B1C50}.Release|ARM.ActiveCfg = Release|ARM
		{3422DA4B-FB18-4684-B346-4B0A0A0B1C50}.Release|ARM.Build.0 = Release|ARM
		{3422DA4B-FB18-4684-B346-4B0A0A0B1C50}.Release|ARM.Deploy.0 = Release|ARM
		{3422DA4B-FB18-4684-B346-4B0A0A0B1C50}.Release|x64.ActiveCfg = Release|x64
		{3422DA4B-FB18-4684-B346-4B0A0A0B1C50}.Release|x64.Build.0 = Release|x64
		{3422DA4B-FB18-4684-B346-4B0A0A0B1C50}.Release|x64.Deploy.0 = Release|x64
		{3422DA4B-FB18-4684-B346-4B0A0A0B1C50}.Release|x86.ActiveCfg = Release|x86
		{3422DA4B-FB18-4684-B346-4B0A0A0B1C50}.Release|x86.Build.0 = Release|x86
		{3422DA4B-FB18-4684-B346-4B0A0A0B1C50}.Release|x86.Deploy.0 = Release|x86
		{D422D9DB-6F87-4D49-928D-A3813C4D0026}.Debug|Any CPU.ActiveCfg = Debug|Any CPU
		{D422D9DB-6F87-4D49-928D-A3813C4D0026}.Debug|Any CPU.Build.0 = Debug|Any CPU
		{D422D9DB-6F87-4D49-928D-A3813C4D0026}.Debug|Any CPU.Deploy.0 = Debug|Any CPU
		{D422D9DB-6F87-4D49-928D-A3813C4D0026}.Debug|ARM.ActiveCfg = Debug|Any CPU
		{D422D9DB-6F87-4D49-928D-A3813C4D0026}.Debug|ARM.Build.0 = Debug|Any CPU
		{D422D9DB-6F87-4D49-928D-A3813C4D0026}.Debug|ARM.Deploy.0 = Debug|Any CPU
		{D422D9DB-6F87-4D49-928D-A3813C4D0026}.Debug|x64.ActiveCfg = Debug|Any CPU
		{D422D9DB-6F87-4D49-928D-A3813C4D0026}.Debug|x64.Build.0 = Debug|Any CPU
		{D422D9DB-6F87-4D49-928D-A3813C4D0026}.Debug|x64.Deploy.0 = Debug|Any CPU
		{D422D9DB-6F87-4D49-928D-A3813C4D0026}.Debug|x86.ActiveCfg = Debug|Any CPU
		{D422D9DB-6F87-4D49-928D-A3813C4D0026}.Debug|x86.Build.0 = Debug|Any CPU
		{D422D9DB-6F87-4D49-928D-A3813C4D0026}.Debug|x86.Deploy.0 = Debug|Any CPU
		{D422D9DB-6F87-4D49-928D-A3813C4D0026}.Release|Any CPU.ActiveCfg = Release|Any CPU
		{D422D9DB-6F87-4D49-928D-A3813C4D0026}.Release|Any CPU.Build.0 = Release|Any CPU
		{D422D9DB-6F87-4D49-928D-A3813C4D0026}.Release|Any CPU.Deploy.0 = Release|Any CPU
		{D422D9DB-6F87-4D49-928D-A3813C4D0026}.Release|ARM.ActiveCfg = Release|Any CPU
		{D422D9DB-6F87-4D49-928D-A3813C4D0026}.Release|ARM.Build.0 = Release|Any CPU
		{D422D9DB-6F87-4D49-928D-A3813C4D0026}.Release|ARM.Deploy.0 = Release|Any CPU
		{D422D9DB-6F87-4D49-928D-A3813C4D0026}.Release|x64.ActiveCfg = Release|Any CPU
		{D422D9DB-6F87-4D49-928D-A3813C4D0026}.Release|x64.Build.0 = Release|Any CPU
		{D422D9DB-6F87-4D49-928D-A3813C4D0026}.Release|x64.Deploy.0 = Release|Any CPU
		{D422D9DB-6F87-4D49-928D-A3813C4D0026}.Release|x86.ActiveCfg = Release|Any CPU
		{D422D9DB-6F87-4D49-928D-A3813C4D0026}.Release|x86.Build.0 = Release|Any CPU
		{D422D9DB-6F87-4D49-928D-A3813C4D0026}.Release|x86.Deploy.0 = Release|Any CPU
		{4755EF01-5A1F-4FFC-AF8E-C27A14410C01}.Debug|Any CPU.ActiveCfg = Debug|Any CPU
		{4755EF01-5A1F-4FFC-AF8E-C27A14410C01}.Debug|Any CPU.Build.0 = Debug|Any CPU
		{4755EF01-5A1F-4FFC-AF8E-C27A14410C01}.Debug|Any CPU.Deploy.0 = Debug|Any CPU
		{4755EF01-5A1F-4FFC-AF8E-C27A14410C01}.Debug|ARM.ActiveCfg = Debug|Any CPU
		{4755EF01-5A1F-4FFC-AF8E-C27A14410C01}.Debug|ARM.Build.0 = Debug|Any CPU
		{4755EF01-5A1F-4FFC-AF8E-C27A14410C01}.Debug|ARM.Deploy.0 = Debug|Any CPU
		{4755EF01-5A1F-4FFC-AF8E-C27A14410C01}.Debug|x64.ActiveCfg = Debug|Any CPU
		{4755EF01-5A1F-4FFC-AF8E-C27A14410C01}.Debug|x64.Build.0 = Debug|Any CPU
		{4755EF01-5A1F-4FFC-AF8E-C27A14410C01}.Debug|x64.Deploy.0 = Debug|Any CPU
		{4755EF01-5A1F-4FFC-AF8E-C27A14410C01}.Debug|x86.ActiveCfg = Debug|Any CPU
		{4755EF01-5A1F-4FFC-AF8E-C27A14410C01}.Debug|x86.Build.0 = Debug|Any CPU
		{4755EF01-5A1F-4FFC-AF8E-C27A14410C01}.Debug|x86.Deploy.0 = Debug|Any CPU
		{4755EF01-5A1F-4FFC-AF8E-C27A14410C01}.Release|Any CPU.ActiveCfg = Release|Any CPU
		{4755EF01-5A1F-4FFC-AF8E-C27A14410C01}.Release|Any CPU.Build.0 = Release|Any CPU
		{4755EF01-5A1F-4FFC-AF8E-C27A14410C01}.Release|Any CPU.Deploy.0 = Release|Any CPU
		{4755EF01-5A1F-4FFC-AF8E-C27A14410C01}.Release|ARM.ActiveCfg = Release|Any CPU
		{4755EF01-5A1F-4FFC-AF8E-C27A14410C01}.Release|ARM.Build.0 = Release|Any CPU
		{4755EF01-5A1F-4FFC-AF8E-C27A14410C01}.Release|ARM.Deploy.0 = Release|Any CPU
		{4755EF01-5A1F-4FFC-AF8E-C27A14410C01}.Release|x64.ActiveCfg = Release|Any CPU
		{4755EF01-5A1F-4FFC-AF8E-C27A14410C01}.Release|x64.Build.0 = Release|Any CPU
		{4755EF01-5A1F-4FFC-AF8E-C27A14410C01}.Release|x64.Deploy.0 = Release|Any CPU
		{4755EF01-5A1F-4FFC-AF8E-C27A14410C01}.Release|x86.ActiveCfg = Release|Any CPU
		{4755EF01-5A1F-4FFC-AF8E-C27A14410C01}.Release|x86.Build.0 = Release|Any CPU
		{4755EF01-5A1F-4FFC-AF8E-C27A14410C01}.Release|x86.Deploy.0 = Release|Any CPU
	EndGlobalSection
	GlobalSection(SolutionProperties) = preSolution
		HideSolutionNode = FALSE
	EndGlobalSection
	GlobalSection(ExtensibilityGlobals) = postSolution
		SolutionGuid = {E824A546-CD2E-49F8-ADE4-6DA3AFF97F10}
	EndGlobalSection
EndGlobal
